
Microsoft Visual Studio Solution File, Format Version 12.00
# Visual Studio 15
VisualStudioVersion = 15.0.27428.2005
MinimumVisualStudioVersion = 10.0.40219.1
Project("{9A19103F-16F7-4668-BE54-9A1E7A4F7556}") = "KafkaDataProducer", "KafkaDataProducer\KafkaDataProducer.csproj", "{FDB7B4BF-DAD7-4FD4-8630-A513BAF668CA}"
EndProject
Global
	GlobalSection(SolutionConfigurationPlatforms) = preSolution
		Debug|Any CPU = Debug|Any CPU
		Release|Any CPU = Release|Any CPU
	EndGlobalSection
	GlobalSection(ProjectConfigurationPlatforms) = postSolution
		{FDB7B4BF-DAD7-4FD4-8630-A513BAF668CA}.Debug|Any CPU.ActiveCfg = Debug|Any CPU
		{FDB7B4BF-DAD7-4FD4-8630-A513BAF668CA}.Debug|Any CPU.Build.0 = Debug|Any CPU
		{FDB7B4BF-DAD7-4FD4-8630-A513BAF668CA}.Release|Any CPU.ActiveCfg = Release|Any CPU
		{FDB7B4BF-DAD7-4FD4-8630-A513BAF668CA}.Release|Any CPU.Build.0 = Release|Any CPU
	EndGlobalSection
	GlobalSection(SolutionProperties) = preSolution
		HideSolutionNode = FALSE
	EndGlobalSection
	GlobalSection(ExtensibilityGlobals) = postSolution
		SolutionGuid = {AFAE5315-4122-4A94-B3D2-78F7DC51C0FA}
	EndGlobalSection
EndGlobal
